PODS:
  - Flutter (1.0.0)
  - package_info_plus (0.4.5):
    - Flutter

DEPENDENCIES:
  - Flutter (from `Flutter`)
  - package_info_plus (from `.symlinks/plugins/package_info_plus/ios`)

EXTERNAL SOURCES:
  Flutter:
    :path: Flutter
  package_info_plus:
    :path: ".symlinks/plugins/package_info_plus/ios"

SPEC CHECKSUMS:
  Flutter: cabc95a1d2626b1b06e7179b784ebcf0c0cde467
  package_info_plus: 58f0028419748fad15bf008b270aaa8e54380b1c

PODFILE CHECKSUM: e1c4ada67a89c27c3dbf389d610ccf0ca8f54cd4

COCOAPODS: 1.16.2
